// !$*UTF8*$!
{
	archiveVersion = 1;
	classes = {
	};
	objectVersion = 46;
	objects = {

/* Begin PBXBuildFile section */
		9B47B1AD1D550B7600341178 /* AppDelegate.swift in Sources */ = {isa = PBXBuildFile; fileRef = 9B47B1AC1D550B7600341178 /* AppDelegate.swift */; };
		9B47B1AF1D550B7600341178 /* ViewController.swift in Sources */ = {isa = PBXBuildFile; fileRef = 9B47B1AE1D550B7600341178 /* ViewController.swift */; };
		9B47B1B21D550B7600341178 /* Main.storyboard in Resources */ = {isa = PBXBuildFile; fileRef = 9B47B1B01D550B7600341178 /* Main.storyboard */; };
		9B47B1B41D550B7600341178 /* Assets.xcassets in Resources */ = {isa = PBXBuildFile; fileRef = 9B47B1B31D550B7600341178 /* Assets.xcassets */; };
		9B47B1B71D550B7600341178 /* LaunchScreen.storyboard in Resources */ = {isa = PBXBuildFile; fileRef = 9B47B1B51D550B7600341178 /* LaunchScreen.storyboard */; };
		9B47B1C21D550BA200341178 /* ToDoListTests.swift in Sources */ = {isa = PBXBuildFile; fileRef = 9B47B1C11D550BA200341178 /* ToDoListTests.swift */; };
		9B47B1CD1D550BA700341178 /* ToDoListUITests.swift in Sources */ = {isa = PBXBuildFile; fileRef = 9B47B1CC1D550BA700341178 /* ToDoListUITests.swift */; };
/* End PBXBuildFile section */

/* Begin PBXContainerItemProxy section */
		9B47B1BE1D550BA200341178 /* PBXContainerItemProxy */ = {
			isa = PBXContainerItemProxy;
			containerPortal = 9B47B1A11D550B7300341178 /* Project object */;
			proxyType = 1;
			remoteGlobalIDString = 9B47B1A81D550B7500341178;
			remoteInfo = ToDoList;
		};
		9B47B1C91D550BA700341178 /* PBXContainerItemProxy */ = {
			isa = PBXContainerItemProxy;
			containerPortal = 9B47B1A11D550B7300341178 /* Project object */;
			proxyType = 1;
			remoteGlobalIDString = 9B47B1A81D550B7500341178;
			remoteInfo = ToDoList;
		};
/* End PBXContainerItemProxy section */

/* Begin PBXFileReference section */
		9B47B1A91D550B7600341178 /* ToDoList.app */ = {isa = PBXFileReference; explicitFileType = wrapper.application; includeInIndex = 0; path = ToDoList.app; sourceTree = BUILT_PRODUCTS_DIR; };
		9B47B1AC1D550B7600341178 /* AppDelegate.swift */ = {isa = PBXFileReference; lastKnownFileType = sourcecode.swift; path = AppDelegate.swift; sourceTree = "<group>"; };
		9B47B1AE1D550B7600341178 /* ViewController.swift */ = {isa = PBXFileReference; lastKnownFileType = sourcecode.swift; path = ViewController.swift; sourceTree = "<group>"; };
		9B47B1B11D550B7600341178 /* Base */ = {isa = PBXFileReference; lastKnownFileType = file.storyboard; name = Base; path = Base.lproj/Main.storyboard; sourceTree = "<group>"; };
		9B47B1B31D550B7600341178 /* Assets.xcassets */ = {isa = PBXFileReference; lastKnownFileType = folder.assetcatalog; path = Assets.xcassets; sourceTree = "<group>"; };
		9B47B1B61D550B7600341178 /* Base */ = {isa = PBXFileReference; lastKnownFileType = file.storyboard; name = Base; path = Base.lproj/LaunchScreen.storyboard; sourceTree = "<group>"; };
		9B47B1B81D550B7600341178 /* Info.plist */ = {isa = PBXFileReference; lastKnownFileType = text.plist.xml; path = Info.plist; sourceTree = "<group>"; };
		9B47B1BD1D550BA200341178 /* ToDoListTests.xctest */ = {isa = PBXFileReference; explicitFileType = wrapper.cfbundle; includeInIndex = 0; path = ToDoListTests.xctest; sourceTree = BUILT_PRODUCTS_DIR; };
		9B47B1C11D550BA200341178 /* ToDoListTests.swift */ = {isa = PBXFileReference; lastKnownFileType = sourcecode.swift; path = ToDoListTests.swift; sourceTree = "<group>"; };
		9B47B1C31D550BA700341178 /* Info.plist */ = {isa = PBXFileReference; lastKnownFileType = text.plist.xml; path = Info.plist; sourceTree = "<group>"; };
		9B47B1C81D550BA700341178 /* ToDoListUITests.xctest */ = {isa = PBXFileReference; explicitFileType = wrapper.cfbundle; includeInIndex = 0; path = ToDoListUITests.xctest; sourceTree = BUILT_PRODUCTS_DIR; };
		9B47B1CC1D550BA700341178 /* ToDoListUITests.swift */ = {isa = PBXFileReference; lastKnownFileType = sourcecode.swift; path = ToDoListUITests.swift; sourceTree = "<group>"; };
		9B47B1CE1D550BA700341178 /* Info.plist */ = {isa = PBXFileReference; lastKnownFileType = text.plist.xml; path = Info.plist; sourceTree = "<group>"; };
/* End PBXFileReference section */

/* Begin PBXFrameworksBuildPhase section */
		9B47B1A61D550B7500341178 /* Frameworks */ = {
			isa = PBXFrameworksBuildPhase;
			buildActionMask = 2147483647;
			files = (
			);
			runOnlyForDeploymentPostprocessing = 0;
		};
		9B47B1BA1D550BA200341178 /* Frameworks */ = {
			isa = PBXFrameworksBuildPhase;
			buildActionMask = 2147483647;
			files = (
			);
			runOnlyForDeploymentPostprocessing = 0;
		};
		9B47B1C51D550BA700341178 /* Frameworks */ = {
			isa = PBXFrameworksBuildPhase;
			buildActionMask = 2147483647;
			files = (
			);
			runOnlyForDeploymentPostprocessing = 0;
		};
/* End PBXFrameworksBuildPhase section */

/* Begin PBXGroup section */
		9B47B1A01D550B7200341178 = {
			isa = PBXGroup;
			children = (
				9B47B1AB1D550B7600341178 /* ToDoList */,
				9B47B1C01D550BA200341178 /* ToDoListTests */,
				9B47B1CB1D550BA700341178 /* ToDoListUITests */,
				9B47B1AA1D550B7600341178 /* Products */,
			);
			sourceTree = "<group>";
		};
		9B47B1AA1D550B7600341178 /* Products */ = {
			isa = PBXGroup;
			children = (
				9B47B1A91D550B7600341178 /* ToDoList.app */,
				9B47B1BD1D550BA200341178 /* ToDoListTests.xctest */,
				9B47B1C81D550BA700341178 /* ToDoListUITests.xctest */,
			);
			name = Products;
			sourceTree = "<group>";
		};
		9B47B1AB1D550B7600341178 /* ToDoList */ = {
			isa = PBXGroup;
			children = (
				9B47B1AC1D550B7600341178 /* AppDelegate.swift */,
				9B47B1AE1D550B7600341178 /* ViewController.swift */,
				9B47B1B01D550B7600341178 /* Main.storyboard */,
				9B47B1B31D550B7600341178 /* Assets.xcassets */,
				9B47B1B51D550B7600341178 /* LaunchScreen.storyboard */,
				9B47B1B81D550B7600341178 /* Info.plist */,
			);
			path = ToDoList;
			sourceTree = "<group>";
		};
		9B47B1C01D550BA200341178 /* ToDoListTests */ = {
			isa = PBXGroup;
			children = (
				9B47B1C11D550BA200341178 /* ToDoListTests.swift */,
				9B47B1C31D550BA700341178 /* Info.plist */,
			);
			path = ToDoListTests;
			sourceTree = "<group>";
		};
		9B47B1CB1D550BA700341178 /* ToDoListUITests */ = {
			isa = PBXGroup;
			children = (
				9B47B1CC1D550BA700341178 /* ToDoListUITests.swift */,
				9B47B1CE1D550BA700341178 /* Info.plist */,
			);
			path = ToDoListUITests;
			sourceTree = "<group>";
		};
/* End PBXGroup section */

/* Begin PBXNativeTarget section */
		9B47B1A81D550B7500341178 /* ToDoList */ = {
			isa = PBXNativeTarget;
			buildConfigurationList = 9B47B1D11D550BA900341178 /* Build configuration list for PBXNativeTarget "ToDoList" */;
			buildPhases = (
				9B47B1A51D550B7500341178 /* Sources */,
				9B47B1A61D550B7500341178 /* Frameworks */,
				9B47B1A71D550B7500341178 /* Resources */,
			);
			buildRules = (
			);
			dependencies = (
			);
			name = ToDoList;
			productName = ToDoList;
			productReference = 9B47B1A91D550B7600341178 /* ToDoList.app */;
			productType = "com.apple.product-type.application";
		};
		9B47B1BC1D550BA200341178 /* ToDoListTests */ = {
			isa = PBXNativeTarget;
			buildConfigurationList = 9B47B1D41D550BA900341178 /* Build configuration list for PBXNativeTarget "ToDoListTests" */;
			buildPhases = (
				9B47B1B91D550BA200341178 /* Sources */,
				9B47B1BA1D550BA200341178 /* Frameworks */,
				9B47B1BB1D550BA200341178 /* Resources */,
			);
			buildRules = (
			);
			dependencies = (
				9B47B1BF1D550BA200341178 /* PBXTargetDependency */,
			);
			name = ToDoListTests;
			productName = ToDoListTests;
			productReference = 9B47B1BD1D550BA200341178 /* ToDoListTests.xctest */;
			productType = "com.apple.product-type.bundle.unit-test";
		};
		9B47B1C71D550BA700341178 /* ToDoListUITests */ = {
			isa = PBXNativeTarget;
			buildConfigurationList = 9B47B1D71D550BA900341178 /* Build configuration list for PBXNativeTarget "ToDoListUITests" */;
			buildPhases = (
				9B47B1C41D550BA700341178 /* Sources */,
				9B47B1C51D550BA700341178 /* Frameworks */,
				9B47B1C61D550BA700341178 /* Resources */,
			);
			buildRules = (
			);
			dependencies = (
				9B47B1CA1D550BA700341178 /* PBXTargetDependency */,
			);
			name = ToDoListUITests;
			productName = ToDoListUITests;
			productReference = 9B47B1C81D550BA700341178 /* ToDoListUITests.xctest */;
			productType = "com.apple.product-type.bundle.ui-testing";
		};
/* End PBXNativeTarget section */

/* Begin PBXProject section */
		9B47B1A11D550B7300341178 /* Project object */ = {
			isa = PBXProject;
			attributes = {
				LastSwiftUpdateCheck = 0710;
				LastUpgradeCheck = 0710;
				ORGANIZATIONNAME = lizRodriguez;
				TargetAttributes = {
					9B47B1A81D550B7500341178 = {
						CreatedOnToolsVersion = 7.1.1;
					};
					9B47B1BC1D550BA200341178 = {
						CreatedOnToolsVersion = 7.1.1;
						TestTargetID = 9B47B1A81D550B7500341178;
					};
					9B47B1C71D550BA700341178 = {
						CreatedOnToolsVersion = 7.1.1;
						TestTargetID = 9B47B1A81D550B7500341178;
					};
				};
			};
			buildConfigurationList = 9B47B1A41D550B7300341178 /* Build configuration list for PBXProject "ToDoList" */;
			compatibilityVersion = "Xcode 3.2";
			developmentRegion = English;
			hasScannedForEncodings = 0;
			knownRegions = (
				en,
				Base,
			);
			mainGroup = 9B47B1A01D550B7200341178;
			productRefGroup = 9B47B1AA1D550B7600341178 /* Products */;
			projectDirPath = "";
			projectRoot = "";
			targets = (
				9B47B1A81D550B7500341178 /* ToDoList */,
				9B47B1BC1D550BA200341178 /* ToDoListTests */,
				9B47B1C71D550BA700341178 /* ToDoListUITests */,
			);
		};
/* End PBXProject section */

/* Begin PBXResourcesBuildPhase section */
		9B47B1A71D550B7500341178 /* Resources */ = {
			isa = PBXResourcesBuildPhase;
			buildActionMask = 2147483647;
			files = (
				9B47B1B71D550B7600341178 /* LaunchScreen.storyboard in Resources */,
				9B47B1B41D550B7600341178 /* Assets.xcassets in Resources */,
				9B47B1B21D550B7600341178 /* Main.storyboard in Resources */,
			);
			runOnlyForDeploymentPostprocessing = 0;
		};
		9B47B1BB1D550BA200341178 /* Resources */ = {
			isa = PBXResourcesBuildPhase;
			buildActionMask = 2147483647;
			files = (
			);
			runOnlyForDeploymentPostprocessing = 0;
		};
		9B47B1C61D550BA700341178 /* Resources */ = {
			isa = PBXResourcesBuildPhase;
			buildActionMask = 2147483647;
			files = (
			);
			runOnlyForDeploymentPostprocessing = 0;
		};
/* End PBXResourcesBuildPhase section */

/* Begin PBXSourcesBuildPhase section */
		9B47B1A51D550B7500341178 /* Sources */ = {
			isa = PBXSourcesBuildPhase;
			buildActionMask = 2147483647;
			files = (
				9B47B1AF1D550B7600341178 /* ViewController.swift in Sources */,
				9B47B1AD1D550B7600341178 /* AppDelegate.swift in Sources */,
			);
			runOnlyForDeploymentPostprocessing = 0;
		};
		9B47B1B91D550BA200341178 /* Sources */ = {
			isa = PBXSourcesBuildPhase;
			buildActionMask = 2147483647;
			files = (
				9B47B1C21D550BA200341178 /* ToDoListTests.swift in Sources */,
			);
			runOnlyForDeploymentPostprocessing = 0;
		};
		9B47B1C41D550BA700341178 /* Sources */ = {
			isa = PBXSourcesBuildPhase;
			buildActionMask = 2147483647;
			files = (
				9B47B1CD1D550BA700341178 /* ToDoListUITests.swift in Sources */,
			);
			runOnlyForDeploymentPostprocessing = 0;
		};
/* End PBXSourcesBuildPhase section */

/* Begin PBXTargetDependency section */
		9B47B1BF1D550BA200341178 /* PBXTargetDependency */ = {
			isa = PBXTargetDependency;
			target = 9B47B1A81D550B7500341178 /* ToDoList */;
			targetProxy = 9B47B1BE1D550BA200341178 /* PBXContainerItemProxy */;
		};
		9B47B1CA1D550BA700341178 /* PBXTargetDependency */ = {
			isa = PBXTargetDependency;
			target = 9B47B1A81D550B7500341178 /* ToDoList */;
			targetProxy = 9B47B1C91D550BA700341178 /* PBXContainerItemProxy */;
		};
/* End PBXTargetDependency section */

/* Begin PBXVariantGroup section */
		9B47B1B01D550B7600341178 /* Main.storyboard */ = {
			isa = PBXVariantGroup;
			children = (
				9B47B1B11D550B7600341178 /* Base */,
			);
			name = Main.storyboard;
			sourceTree = "<group>";
		};
		9B47B1B51D550B7600341178 /* LaunchScreen.storyboard */ = {
			isa = PBXVariantGroup;
			children = (
				9B47B1B61D550B7600341178 /* Base */,
			);
			name = LaunchScreen.storyboard;
			sourceTree = "<group>";
		};
/* End PBXVariantGroup section */

/* Begin XCBuildConfiguration section */
		9B47B1CF1D550BA800341178 /* Debug */ = {
			isa = XCBuildConfiguration;
			buildSettings = {
				ALWAYS_SEARCH_USER_PATHS = NO;
				CLANG_CXX_LANGUAGE_STANDARD = "gnu++0x";
				CLANG_CXX_LIBRARY = "libc++";
				CLANG_ENABLE_MODULES = YES;
				CLANG_ENABLE_OBJC_ARC = YES;
				CLANG_WARN_BOOL_CONVERSION = YES;
				CLANG_WARN_CONSTANT_CONVERSION = YES;
				CLANG_WARN_DIRECT_OBJC_ISA_USAGE = YES_ERROR;
				CLANG_WARN_EMPTY_BODY = YES;
				CLANG_WARN_ENUM_CONVERSION = YES;
				CLANG_WARN_INT_CONVERSION = YES;
				CLANG_WARN_OBJC_ROOT_CLASS = YES_ERROR;
				CLANG_WARN_UNREACHABLE_CODE = YES;
				CLANG_WARN__DUPLICATE_METHOD_MATCH = YES;
				"CODE_SIGN_IDENTITY[sdk=iphoneos*]" = "iPhone Developer";
				COPY_PHASE_STRIP = NO;
				DEBUG_INFORMATION_FORMAT = dwarf;
				ENABLE_STRICT_OBJC_MSGSEND = YES;
				ENABLE_TESTABILITY = YES;
				GCC_C_LANGUAGE_STANDARD = gnu99;
				GCC_DYNAMIC_NO_PIC = NO;
				GCC_NO_COMMON_BLOCKS = YES;
				GCC_OPTIMIZATION_LEVEL = 0;
				GCC_PREPROCESSOR_DEFINITIONS = (
					"DEBUG=1",
					"$(inherited)",
				);
				GCC_WARN_64_TO_32_BIT_CONVERSION = YES;
				GCC_WARN_ABOUT_RETURN_TYPE = YES_ERROR;
				GCC_WARN_UNDECLARED_SELECTOR = YES;
				GCC_WARN_UNINITIALIZED_AUTOS = YES_AGGRESSIVE;
				GCC_WARN_UNUSED_FUNCTION = YES;
				GCC_WARN_UNUSED_VARIABLE = YES;
				IPHONEOS_DEPLOYMENT_TARGET = 9.1;
				MTL_ENABLE_DEBUG_INFO = YES;
				ONLY_ACTIVE_ARCH = YES;
				SDKROOT = iphoneos;
				SWIFT_OPTIMIZATION_LEVEL = "-Onone";
			};
			name = Debug;
		};
		9B47B1D01D550BA800341178 /* Release */ = {
			isa = XCBuildConfiguration;
			buildSettings = {
				ALWAYS_SEARCH_USER_PATHS = NO;
				CLANG_CXX_LANGUAGE_STANDARD = "gnu++0x";
				CLANG_CXX_LIBRARY = "libc++";
				CLANG_ENABLE_MODULES = YES;
				CLANG_ENABLE_OBJC_ARC = YES;
				CLANG_WARN_BOOL_CONVERSION = YES;
				CLANG_WARN_CONSTANT_CONVERSION = YES;
				CLANG_WARN_DIRECT_OBJC_ISA_USAGE = YES_ERROR;
				CLANG_WARN_EMPTY_BODY = YES;
				CLANG_WARN_ENUM_CONVERSION = YES;
				CLANG_WARN_INT_CONVERSION = YES;
				CLANG_WARN_OBJC_ROOT_CLASS = YES_ERROR;
				CLANG_WARN_UNREACHABLE_CODE = YES;
				CLANG_WARN__DUPLICATE_METHOD_MATCH = YES;
				"CODE_SIGN_IDENTITY[sdk=iphoneos*]" = "iPhone Developer";
				COPY_PHASE_STRIP = NO;
				DEBUG_INFORMATION_FORMAT = "dwarf-with-dsym";
				ENABLE_NS_ASSERTIONS = NO;
				ENABLE_STRICT_OBJC_MSGSEND = YES;
				GCC_C_LANGUAGE_STANDARD = gnu99;
				GCC_NO_COMMON_BLOCKS = YES;
				GCC_WARN_64_TO_32_BIT_CONVERSION = YES;
				GCC_WARN_ABOUT_RETURN_TYPE = YES_ERROR;
				GCC_WARN_UNDECLARED_SELECTOR = YES;
				GCC_WARN_UNINITIALIZED_AUTOS = YES_AGGRESSIVE;
				GCC_WARN_UNUSED_FUNCTION = YES;
				GCC_WARN_UNUSED_VARIABLE = YES;
				IPHONEOS_DEPLOYMENT_TARGET = 9.1;
				MTL_ENABLE_DEBUG_INFO = NO;
				SDKROOT = iphoneos;
				VALIDATE_PRODUCT = YES;
			};
			name = Release;
		};
		9B47B1D21D550BA900341178 /* Debug */ = {
			isa = XCBuildConfiguration;
			buildSettings = {
				ASSETCATALOG_COMPILER_APPICON_NAME = AppIcon;
				INFOPLIST_FILE = ToDoList/Info.plist;
				LD_RUNPATH_SEARCH_PATHS = "$(inherited) @executable_path/Frameworks";
				PRODUCT_BUNDLE_IDENTIFIER = liz.ToDoList;
				PRODUCT_NAME = "$(TARGET_NAME)";
			};
			name = Debug;
		};
		9B47B1D31D550BA900341178 /* Release */ = {
			isa = XCBuildConfiguration;
			buildSettings = {
				ASSETCATALOG_COMPILER_APPICON_NAME = AppIcon;
				INFOPLIST_FILE = ToDoList/Info.plist;
				LD_RUNPATH_SEARCH_PATHS = "$(inherited) @executable_path/Frameworks";
				PRODUCT_BUNDLE_IDENTIFIER = liz.ToDoList;
				PRODUCT_NAME = "$(TARGET_NAME)";
			};
			name = Release;
		};
		9B47B1D51D550BA900341178 /* Debug */ = {
			isa = XCBuildConfiguration;
			buildSettings = {
				BUNDLE_LOADER = "$(TEST_HOST)";
				INFOPLIST_FILE = ToDoListTests/Info.plist;
				LD_RUNPATH_SEARCH_PATHS = "$(inherited) @executable_path/Frameworks @loader_path/Frameworks";
				PRODUCT_BUNDLE_IDENTIFIER = liz.ToDoListTests;
				PRODUCT_NAME = "$(TARGET_NAME)";
				TEST_HOST = "$(BUILT_PRODUCTS_DIR)/ToDoList.app/ToDoList";
			};
			name = Debug;
		};
		9B47B1D61D550BA900341178 /* Release */ = {
			isa = XCBuildConfiguration;
			buildSettings = {
				BUNDLE_LOADER = "$(TEST_HOST)";
				INFOPLIST_FILE = ToDoListTests/Info.plist;
				LD_RUNPATH_SEARCH_PATHS = "$(inherited) @executable_path/Frameworks @loader_path/Frameworks";
				PRODUCT_BUNDLE_IDENTIFIER = liz.ToDoListTests;
				PRODUCT_NAME = "$(TARGET_NAME)";
				TEST_HOST = "$(BUILT_PRODUCTS_DIR)/ToDoList.app/ToDoList";
			};
			name = Release;
		};
		9B47B1D81D550BA900341178 /* Debug */ = {
			isa = XCBuildConfiguration;
			buildSettings = {
				INFOPLIST_FILE = ToDoListUITests/Info.plist;
				LD_RUNPATH_SEARCH_PATHS = "$(inherited) @executable_path/Frameworks @loader_path/Frameworks";
				PRODUCT_BUNDLE_IDENTIFIER = liz.ToDoListUITests;
				PRODUCT_NAME = "$(TARGET_NAME)";
				TEST_TARGET_NAME = ToDoList;
				USES_XCTRUNNER = YES;
			};
			name = Debug;
		};
		9B47B1D91D550BA900341178 /* Release */ = {
			isa = XCBuildConfiguration;
			buildSettings = {
				INFOPLIST_FILE = ToDoListUITests/Info.plist;
				LD_RUNPATH_SEARCH_PATHS = "$(inherited) @executable_path/Frameworks @loader_path/Frameworks";
				PRODUCT_BUNDLE_IDENTIFIER = liz.ToDoListUITests;
				PRODUCT_NAME = "$(TARGET_NAME)";
				TEST_TARGET_NAME = ToDoList;
				USES_XCTRUNNER = YES;
			};
			name = Release;
		};
/* End XCBuildConfiguration section */

/* Begin XCConfigurationList section */
		9B47B1A41D550B7300341178 /* Build configuration list for PBXProject "ToDoList" */ = {
			isa = XCConfigurationList;
			buildConfigurations = (
				9B47B1CF1D550BA800341178 /* Debug */,
				9B47B1D01D550BA800341178 /* Release */,
			);
			defaultConfigurationIsVisible = 0;
			defaultConfigurationName = Release;
		};
		9B47B1D11D550BA900341178 /* Build configuration list for PBXNativeTarget "ToDoList" */ = {
			isa = XCConfigurationList;
			buildConfigurations = (
				9B47B1D21D550BA900341178 /* Debug */,
				9B47B1D31D550BA900341178 /* Release */,
			);
			defaultConfigurationIsVisible = 0;
		};
		9B47B1D41D550BA900341178 /* Build configuration list for PBXNativeTarget "ToDoListTests" */ = {
			isa = XCConfigurationList;
			buildConfigurations = (
				9B47B1D51D550BA900341178 /* Debug */,
				9B47B1D61D550BA900341178 /* Release */,
			);
			defaultConfigurationIsVisible = 0;
		};
		9B47B1D71D550BA900341178 /* Build configuration list for PBXNativeTarget "ToDoListUITests" */ = {
			isa = XCConfigurationList;
			buildConfigurations = (
				9B47B1D81D550BA900341178 /* Debug */,
				9B47B1D91D550BA900341178 /* Release */,
			);
			defaultConfigurationIsVisible = 0;
		};
/* End XCConfigurationList section */
	};
	rootObject = 9B47B1A11D550B7300341178 /* Project object */;
}
